
Microsoft Visual Studio Solution File, Format Version 12.00
# Visual Studio 15
VisualStudioVersion = 15.0.28307.106
MinimumVisualStudioVersion = 10.0.40219.1
Project("{FAE04EC0-301F-11D3-BF4B-00C04F79EFBC}") = "Ch19-P0-ThreadingInCSharp", "Ch19-P0-ThreadingInCSharp\Ch19-P0-ThreadingInCSharp.csproj", "{FB1E6BA0-3017-4B77-BB3C-E48E0C05AD6B}"
EndProject
Global
	GlobalSection(SolutionConfigurationPlatforms) = preSolution
		Debug|Any CPU = Debug|Any CPU
		Release|Any CPU = Release|Any CPU
	EndGlobalSection
	GlobalSection(ProjectConfigurationPlatforms) = postSolution
		{FB1E6BA0-3017-4B77-BB3C-E48E0C05AD6B}.Debug|Any CPU.ActiveCfg = Debug|Any CPU
		{FB1E6BA0-3017-4B77-BB3C-E48E0C05AD6B}.Debug|Any CPU.Build.0 = Debug|Any CPU
		{FB1E6BA0-3017-4B77-BB3C-E48E0C05AD6B}.Release|Any CPU.ActiveCfg = Release|Any CPU
		{FB1E6BA0-3017-4B77-BB3C-E48E0C05AD6B}.Release|Any CPU.Build.0 = Release|Any CPU
	EndGlobalSection
	GlobalSection(SolutionProperties) = preSolution
		HideSolutionNode = FALSE
	EndGlobalSection
	GlobalSection(ExtensibilityGlobals) = postSolution
		SolutionGuid = {AAE9A0B8-DE4F-49A8-96B5-B93CDB44F1FA}
	EndGlobalSection
EndGlobal
